
Microsoft Visual Studio Solution File, Format Version 12.00
# Visual Studio Version 17
VisualStudioVersion = 17.5.33530.505
MinimumVisualStudioVersion = 10.0.40219.1
Project("{FAE04EC0-301F-11D3-BF4B-00C04F79EFBC}") = "baitap01", "baitap01\baitap01.csproj", "{F22501E9-C3BE-4937-A984-1DC57A0386A7}"
EndProject
Global
	GlobalSection(SolutionConfigurationPlatforms) = preSolution
		Debug|Any CPU = Debug|Any CPU
		Release|Any CPU = Release|Any CPU
	EndGlobalSection
	GlobalSection(ProjectConfigurationPlatforms) = postSolution
		{F22501E9-C3BE-4937-A984-1DC57A0386A7}.Debug|Any CPU.ActiveCfg = Debug|Any CPU
		{F22501E9-C3BE-4937-A984-1DC57A0386A7}.Debug|Any CPU.Build.0 = Debug|Any CPU
		{F22501E9-C3BE-4937-A984-1DC57A0386A7}.Release|Any CPU.ActiveCfg = Release|Any CPU
		{F22501E9-C3BE-4937-A984-1DC57A0386A7}.Release|Any CPU.Build.0 = Release|Any CPU
	EndGlobalSection
	GlobalSection(SolutionProperties) = preSolution
		HideSolutionNode = FALSE
	EndGlobalSection
	GlobalSection(ExtensibilityGlobals) = postSolution
		SolutionGuid = {0CA5476E-ECF5-4A17-80A8-67EE29B14BD5}
	EndGlobalSection
EndGlobal
